// !$*UTF8*$!
{
	archiveVersion = 1;
	classes = {
	};
	objectVersion = 50;
	objects = {

/* Begin PBXBuildFile section */
		C4218A6A253853F900A89ACB /* libGLEW.2.2.0.dylib in Frameworks */ = {isa = PBXBuildFile; fileRef = C4218A69253853F900A89ACB /* libGLEW.2.2.0.dylib */; };
		C45F2EF225134C32008D262E /* main.cpp in Sources */ = {isa = PBXBuildFile; fileRef = C45F2EF125134C32008D262E /* main.cpp */; };
		C45F2EFA25134CDB008D262E /* libglfw.3.3.dylib in Frameworks */ = {isa = PBXBuildFile; fileRef = C45F2EF925134CDB008D262E /* libglfw.3.3.dylib */; };
		C45F2EFC25134D2A008D262E /* OpenGL.framework in Frameworks */ = {isa = PBXBuildFile; fileRef = C45F2EFB25134D2A008D262E /* OpenGL.framework */; };
		C472BBBB2584C0B7003EC976 /* appleD.jpg in Copy Files (6 items) */ = {isa = PBXBuildFile; fileRef = C472BBBA2584C0A0003EC976 /* appleD.jpg */; };
		C472BBBF2584C11E003EC976 /* appleS.jpg in Copy Files (6 items) */ = {isa = PBXBuildFile; fileRef = C472BBBD2584C107003EC976 /* appleS.jpg */; };
		C472BBC02584C128003EC976 /* apple.j3a in Copy Files (6 items) */ = {isa = PBXBuildFile; fileRef = C472BBBE2584C10A003EC976 /* apple.j3a */; };
		C472BBC12584C128003EC976 /* appleN.jpg in Copy Files (6 items) */ = {isa = PBXBuildFile; fileRef = C472BBBC2584C103003EC976 /* appleN.jpg */; };
		C472BBC42584E753003EC976 /* TrexColor01152015.jpg in Copy Files (6 items) */ = {isa = PBXBuildFile; fileRef = C472BBC32584E730003EC976 /* TrexColor01152015.jpg */; };
		C472BBC52584E753003EC976 /* TrexBump012714.jpg in Copy Files (6 items) */ = {isa = PBXBuildFile; fileRef = C472BBC22584E70C003EC976 /* TrexBump012714.jpg */; };
		C472BBC72584E836003EC976 /* Trex_m.j3a in Copy Files (6 items) */ = {isa = PBXBuildFile; fileRef = C472BBC62584E82E003EC976 /* Trex_m.j3a */; };
		C4A8C40F255E76CF00EE493B /* j3a.cpp in Sources */ = {isa = PBXBuildFile; fileRef = C4A8C40E255E76CF00EE493B /* j3a.cpp */; };
		C4A8C412255E770B00EE493B /* shader.frag in Copy Files (6 items) */ = {isa = PBXBuildFile; fileRef = C4A8C411255E76F700EE493B /* shader.frag */; };
		C4A8C413255E770B00EE493B /* shader.vert in Copy Files (6 items) */ = {isa = PBXBuildFile; fileRef = C4A8C410255E76F700EE493B /* shader.vert */; };
		C4A8C414255E770B00EE493B /* j3a.cpp in Copy Files (6 items) */ = {isa = PBXBuildFile; fileRef = C4A8C40E255E76CF00EE493B /* j3a.cpp */; };
		C4A8C415255E770B00EE493B /* j3a.hpp in Copy Files (6 items) */ = {isa = PBXBuildFile; fileRef = C4A8C40D255E76CA00EE493B /* j3a.hpp */; };
		C4EF8D6825923D1A0061B3FE /* shadow.vert in Copy Files (6 items) */ = {isa = PBXBuildFile; fileRef = C4EF8D6625923C920061B3FE /* shadow.vert */; };
		C4EF8D6925923D1A0061B3FE /* shadow.frag in Copy Files (6 items) */ = {isa = PBXBuildFile; fileRef = C4EF8D6725923CAF0061B3FE /* shadow.frag */; };
		C4EF8D6E2593BC140061B3FE /* dwarf.j3a in Copy Files (6 items) */ = {isa = PBXBuildFile; fileRef = C4EF8D6A2593BC010061B3FE /* dwarf.j3a */; };
		C4EF8D6F2593BC140061B3FE /* dwarfB.jpg in Copy Files (6 items) */ = {isa = PBXBuildFile; fileRef = C4EF8D6B2593BC010061B3FE /* dwarfB.jpg */; };
		C4EF8D702593BC140061B3FE /* dwarfD.jpg in Copy Files (6 items) */ = {isa = PBXBuildFile; fileRef = C4EF8D6C2593BC010061B3FE /* dwarfD.jpg */; };
		C4EF8D712593BC140061B3FE /* dwarfS.jpg in Copy Files (6 items) */ = {isa = PBXBuildFile; fileRef = C4EF8D6D2593BC010061B3FE /* dwarfS.jpg */; };
/* End PBXBuildFile section */

/* Begin PBXCopyFilesBuildPhase section */
		C45F2EEC25134C32008D262E /* Copy Files (6 items) */ = {
			isa = PBXCopyFilesBuildPhase;
			buildActionMask = 12;
			dstPath = "";
			dstSubfolderSpec = 16;
			files = (
				C4EF8D6E2593BC140061B3FE /* dwarf.j3a in Copy Files (6 items) */,
				C4EF8D6F2593BC140061B3FE /* dwarfB.jpg in Copy Files (6 items) */,
				C4EF8D702593BC140061B3FE /* dwarfD.jpg in Copy Files (6 items) */,
				C4EF8D712593BC140061B3FE /* dwarfS.jpg in Copy Files (6 items) */,
				C4EF8D6825923D1A0061B3FE /* shadow.vert in Copy Files (6 items) */,
				C4EF8D6925923D1A0061B3FE /* shadow.frag in Copy Files (6 items) */,
				C472BBC72584E836003EC976 /* Trex_m.j3a in Copy Files (6 items) */,
				C472BBC42584E753003EC976 /* TrexColor01152015.jpg in Copy Files (6 items) */,
				C472BBC52584E753003EC976 /* TrexBump012714.jpg in Copy Files (6 items) */,
				C472BBC02584C128003EC976 /* apple.j3a in Copy Files (6 items) */,
				C472BBC12584C128003EC976 /* appleN.jpg in Copy Files (6 items) */,
				C472BBBF2584C11E003EC976 /* appleS.jpg in Copy Files (6 items) */,
				C472BBBB2584C0B7003EC976 /* appleD.jpg in Copy Files (6 items) */,
				C4A8C412255E770B00EE493B /* shader.frag in Copy Files (6 items) */,
				C4A8C413255E770B00EE493B /* shader.vert in Copy Files (6 items) */,
				C4A8C414255E770B00EE493B /* j3a.cpp in Copy Files (6 items) */,
				C4A8C415255E770B00EE493B /* j3a.hpp in Copy Files (6 items) */,
			);
			name = "Copy Files (6 items)";
			runOnlyForDeploymentPostprocessing = 0;
		};
/* End PBXCopyFilesBuildPhase section */

/* Begin PBXFileReference section */
		C4218A69253853F900A89ACB /* libGLEW.2.2.0.dylib */ = {isa = PBXFileReference; lastKnownFileType = "compiled.mach-o.dylib"; name = libGLEW.2.2.0.dylib; path = ../../../../usr/local/Cellar/glew/2.2.0/lib/libGLEW.2.2.0.dylib; sourceTree = "<group>"; };
		C45F2EEE25134C32008D262E /* OpenCVTest */ = {isa = PBXFileReference; explicitFileType = "compiled.mach-o.executable"; includeInIndex = 0; path = OpenCVTest; sourceTree = BUILT_PRODUCTS_DIR; };
		C45F2EF125134C32008D262E /* main.cpp */ = {isa = PBXFileReference; lastKnownFileType = sourcecode.cpp.cpp; path = main.cpp; sourceTree = "<group>"; };
		C45F2EF925134CDB008D262E /* libglfw.3.3.dylib */ = {isa = PBXFileReference; lastKnownFileType = "compiled.mach-o.dylib"; name = libglfw.3.3.dylib; path = ../../../../usr/local/Cellar/glfw/3.3.2/lib/libglfw.3.3.dylib; sourceTree = "<group>"; };
		C45F2EFB25134D2A008D262E /* OpenGL.framework */ = {isa = PBXFileReference; lastKnownFileType = wrapper.framework; name = OpenGL.framework; path = System/Library/Frameworks/OpenGL.framework; sourceTree = SDKROOT; };
		C45F2EFD25134D71008D262E /* OpenCVTest.entitlements */ = {isa = PBXFileReference; lastKnownFileType = text.plist.entitlements; path = OpenCVTest.entitlements; sourceTree = "<group>"; };
		C472BBB92584BBAD003EC976 /* stb_image.h */ = {isa = PBXFileReference; lastKnownFileType = sourcecode.c.h; name = stb_image.h; path = ../../../Desktop/Archive/stb_image.h; sourceTree = "<group>"; };
		C472BBBA2584C0A0003EC976 /* appleD.jpg */ = {isa = PBXFileReference; lastKnownFileType = image.jpeg; name = appleD.jpg; path = ../../../Desktop/Archive/appleD.jpg; sourceTree = "<group>"; };
		C472BBBC2584C103003EC976 /* appleN.jpg */ = {isa = PBXFileReference; lastKnownFileType = image.jpeg; name = appleN.jpg; path = ../../../Desktop/Archive/appleN.jpg; sourceTree = "<group>"; };
		C472BBBD2584C107003EC976 /* appleS.jpg */ = {isa = PBXFileReference; lastKnownFileType = image.jpeg; name = appleS.jpg; path = ../../../Desktop/Archive/appleS.jpg; sourceTree = "<group>"; };
		C472BBBE2584C10A003EC976 /* apple.j3a */ = {isa = PBXFileReference; lastKnownFileType = text; name = apple.j3a; path = ../../../Desktop/Archive/apple.j3a; sourceTree = "<group>"; };
		C472BBC22584E70C003EC976 /* TrexBump012714.jpg */ = {isa = PBXFileReference; lastKnownFileType = image.jpeg; name = TrexBump012714.jpg; path = ../../../Desktop/Archive/TrexBump012714.jpg; sourceTree = "<group>"; };
		C472BBC32584E730003EC976 /* TrexColor01152015.jpg */ = {isa = PBXFileReference; lastKnownFileType = image.jpeg; name = TrexColor01152015.jpg; path = ../../../Desktop/Archive/TrexColor01152015.jpg; sourceTree = "<group>"; };
		C472BBC62584E82E003EC976 /* Trex_m.j3a */ = {isa = PBXFileReference; lastKnownFileType = text; name = Trex_m.j3a; path = ../../../Desktop/Archive/Trex_m.j3a; sourceTree = "<group>"; };
		C4A8C40D255E76CA00EE493B /* j3a.hpp */ = {isa = PBXFileReference; lastKnownFileType = sourcecode.cpp.h; name = j3a.hpp; path = ../../../Desktop/Archive/j3a.hpp; sourceTree = "<group>"; };
		C4A8C40E255E76CF00EE493B /* j3a.cpp */ = {isa = PBXFileReference; fileEncoding = 4; lastKnownFileType = sourcecode.cpp.cpp; name = j3a.cpp; path = ../../../Desktop/Archive/j3a.cpp; sourceTree = "<group>"; };
		C4A8C410255E76F700EE493B /* shader.vert */ = {isa = PBXFileReference; lastKnownFileType = sourcecode.glsl; name = shader.vert; path = ../../../Desktop/Archive/shader.vert; sourceTree = "<group>"; };
		C4A8C411255E76F700EE493B /* shader.frag */ = {isa = PBXFileReference; lastKnownFileType = sourcecode.glsl; name = shader.frag; path = ../../../Desktop/Archive/shader.frag; sourceTree = "<group>"; };
		C4EF8D6625923C920061B3FE /* shadow.vert */ = {isa = PBXFileReference; lastKnownFileType = sourcecode.glsl; path = shadow.vert; sourceTree = "<group>"; };
		C4EF8D6725923CAF0061B3FE /* shadow.frag */ = {isa = PBXFileReference; lastKnownFileType = sourcecode.glsl; path = shadow.frag; sourceTree = "<group>"; };
		C4EF8D6A2593BC010061B3FE /* dwarf.j3a */ = {isa = PBXFileReference; lastKnownFileType = text; name = dwarf.j3a; path = ../../../Desktop/Archive/dwarf.j3a; sourceTree = "<group>"; };
		C4EF8D6B2593BC010061B3FE /* dwarfB.jpg */ = {isa = PBXFileReference; lastKnownFileType = image.jpeg; name = dwarfB.jpg; path = ../../../Desktop/Archive/dwarfB.jpg; sourceTree = "<group>"; };
		C4EF8D6C2593BC010061B3FE /* dwarfD.jpg */ = {isa = PBXFileReference; lastKnownFileType = image.jpeg; name = dwarfD.jpg; path = ../../../Desktop/Archive/dwarfD.jpg; sourceTree = "<group>"; };
		C4EF8D6D2593BC010061B3FE /* dwarfS.jpg */ = {isa = PBXFileReference; lastKnownFileType = image.jpeg; name = dwarfS.jpg; path = ../../../Desktop/Archive/dwarfS.jpg; sourceTree = "<group>"; };
/* End PBXFileReference section */

/* Begin PBXFrameworksBuildPhase section */
		C45F2EEB25134C32008D262E /* Frameworks */ = {
			isa = PBXFrameworksBuildPhase;
			buildActionMask = 2147483647;
			files = (
				C4218A6A253853F900A89ACB /* libGLEW.2.2.0.dylib in Frameworks */,
				C45F2EFC25134D2A008D262E /* OpenGL.framework in Frameworks */,
				C45F2EFA25134CDB008D262E /* libglfw.3.3.dylib in Frameworks */,
			);
			runOnlyForDeploymentPostprocessing = 0;
		};
/* End PBXFrameworksBuildPhase section */

/* Begin PBXGroup section */
		C45F2EE525134C32008D262E = {
			isa = PBXGroup;
			children = (
				C45F2EF025134C32008D262E /* OpenCVTest */,
				C45F2EEF25134C32008D262E /* Products */,
				C45F2EF825134CDB008D262E /* Frameworks */,
			);
			sourceTree = "<group>";
		};
		C45F2EEF25134C32008D262E /* Products */ = {
			isa = PBXGroup;
			children = (
				C45F2EEE25134C32008D262E /* OpenCVTest */,
			);
			name = Products;
			sourceTree = "<group>";
		};
		C45F2EF025134C32008D262E /* OpenCVTest */ = {
			isa = PBXGroup;
			children = (
				C4EF8D6A2593BC010061B3FE /* dwarf.j3a */,
				C4EF8D6B2593BC010061B3FE /* dwarfB.jpg */,
				C4EF8D6C2593BC010061B3FE /* dwarfD.jpg */,
				C4EF8D6D2593BC010061B3FE /* dwarfS.jpg */,
				C472BBC62584E82E003EC976 /* Trex_m.j3a */,
				C472BBC32584E730003EC976 /* TrexColor01152015.jpg */,
				C472BBC22584E70C003EC976 /* TrexBump012714.jpg */,
				C472BBBD2584C107003EC976 /* appleS.jpg */,
				C472BBBE2584C10A003EC976 /* apple.j3a */,
				C472BBBC2584C103003EC976 /* appleN.jpg */,
				C472BBBA2584C0A0003EC976 /* appleD.jpg */,
				C472BBB92584BBAD003EC976 /* stb_image.h */,
				C4A8C411255E76F700EE493B /* shader.frag */,
				C4A8C410255E76F700EE493B /* shader.vert */,
				C4A8C40E255E76CF00EE493B /* j3a.cpp */,
				C4A8C40D255E76CA00EE493B /* j3a.hpp */,
				C45F2EFD25134D71008D262E /* OpenCVTest.entitlements */,
				C45F2EF125134C32008D262E /* main.cpp */,
				C4EF8D6625923C920061B3FE /* shadow.vert */,
				C4EF8D6725923CAF0061B3FE /* shadow.frag */,
			);
			path = OpenCVTest;
			sourceTree = "<group>";
		};
		C45F2EF825134CDB008D262E /* Frameworks */ = {
			isa = PBXGroup;
			children = (
				C4218A69253853F900A89ACB /* libGLEW.2.2.0.dylib */,
				C45F2EFB25134D2A008D262E /* OpenGL.framework */,
				C45F2EF925134CDB008D262E /* libglfw.3.3.dylib */,
			);
			name = Frameworks;
			sourceTree = "<group>";
		};
/* End PBXGroup section */

/* Begin PBXNativeTarget section */
		C45F2EED25134C32008D262E /* OpenCVTest */ = {
			isa = PBXNativeTarget;
			buildConfigurationList = C45F2EF525134C32008D262E /* Build configuration list for PBXNativeTarget "OpenCVTest" */;
			buildPhases = (
				C45F2EEA25134C32008D262E /* Sources */,
				C45F2EEB25134C32008D262E /* Frameworks */,
				C45F2EEC25134C32008D262E /* Copy Files (6 items) */,
			);
			buildRules = (
			);
			dependencies = (
			);
			name = OpenCVTest;
			productName = OpenCVTest;
			productReference = C45F2EEE25134C32008D262E /* OpenCVTest */;
			productType = "com.apple.product-type.tool";
		};
/* End PBXNativeTarget section */

/* Begin PBXProject section */
		C45F2EE625134C32008D262E /* Project object */ = {
			isa = PBXProject;
			attributes = {
				LastUpgradeCheck = 1160;
				ORGANIZATIONNAME = Ryul;
				TargetAttributes = {
					C45F2EED25134C32008D262E = {
						CreatedOnToolsVersion = 11.6;
					};
				};
			};
			buildConfigurationList = C45F2EE925134C32008D262E /* Build configuration list for PBXProject "OpenCVTest" */;
			compatibilityVersion = "Xcode 9.3";
			developmentRegion = en;
			hasScannedForEncodings = 0;
			knownRegions = (
				en,
				Base,
			);
			mainGroup = C45F2EE525134C32008D262E;
			productRefGroup = C45F2EEF25134C32008D262E /* Products */;
			projectDirPath = "";
			projectRoot = "";
			targets = (
				C45F2EED25134C32008D262E /* OpenCVTest */,
			);
		};
/* End PBXProject section */

/* Begin PBXSourcesBuildPhase section */
		C45F2EEA25134C32008D262E /* Sources */ = {
			isa = PBXSourcesBuildPhase;
			buildActionMask = 2147483647;
			files = (
				C4A8C40F255E76CF00EE493B /* j3a.cpp in Sources */,
				C45F2EF225134C32008D262E /* main.cpp in Sources */,
			);
			runOnlyForDeploymentPostprocessing = 0;
		};
/* End PBXSourcesBuildPhase section */

/* Begin XCBuildConfiguration section */
		C45F2EF325134C32008D262E /* Debug */ = {
			isa = XCBuildConfiguration;
			buildSettings = {
				ALWAYS_SEARCH_USER_PATHS = NO;
				CLANG_ANALYZER_NONNULL = YES;
				CLANG_ANALYZER_NUMBER_OBJECT_CONVERSION = YES_AGGRESSIVE;
				CLANG_CXX_LANGUAGE_STANDARD = "gnu++14";
				CLANG_CXX_LIBRARY = "libc++";
				CLANG_ENABLE_MODULES = YES;
				CLANG_ENABLE_OBJC_ARC = YES;
				CLANG_ENABLE_OBJC_WEAK = YES;
				CLANG_WARN_BLOCK_CAPTURE_AUTORELEASING = YES;
				CLANG_WARN_BOOL_CONVERSION = YES;
				CLANG_WARN_COMMA = YES;
				CLANG_WARN_CONSTANT_CONVERSION = YES;
				CLANG_WARN_DEPRECATED_OBJC_IMPLEMENTATIONS = YES;
				CLANG_WARN_DIRECT_OBJC_ISA_USAGE = YES_ERROR;
				CLANG_WARN_DOCUMENTATION_COMMENTS = YES;
				CLANG_WARN_EMPTY_BODY = YES;
				CLANG_WARN_ENUM_CONVERSION = YES;
				CLANG_WARN_INFINITE_RECURSION = YES;
				CLANG_WARN_INT_CONVERSION = YES;
				CLANG_WARN_NON_LITERAL_NULL_CONVERSION = YES;
				CLANG_WARN_OBJC_IMPLICIT_RETAIN_SELF = YES;
				CLANG_WARN_OBJC_LITERAL_CONVERSION = YES;
				CLANG_WARN_OBJC_ROOT_CLASS = YES_ERROR;
				CLANG_WARN_RANGE_LOOP_ANALYSIS = YES;
				CLANG_WARN_STRICT_PROTOTYPES = YES;
				CLANG_WARN_SUSPICIOUS_MOVE = YES;
				CLANG_WARN_UNGUARDED_AVAILABILITY = YES_AGGRESSIVE;
				CLANG_WARN_UNREACHABLE_CODE = YES;
				CLANG_WARN__DUPLICATE_METHOD_MATCH = YES;
				COPY_PHASE_STRIP = NO;
				DEBUG_INFORMATION_FORMAT = dwarf;
				ENABLE_STRICT_OBJC_MSGSEND = YES;
				ENABLE_TESTABILITY = YES;
				GCC_C_LANGUAGE_STANDARD = gnu11;
				GCC_DYNAMIC_NO_PIC = NO;
				GCC_NO_COMMON_BLOCKS = YES;
				GCC_OPTIMIZATION_LEVEL = 0;
				GCC_PREPROCESSOR_DEFINITIONS = (
					"DEBUG=1",
					"$(inherited)",
				);
				GCC_WARN_64_TO_32_BIT_CONVERSION = YES;
				GCC_WARN_ABOUT_RETURN_TYPE = YES_ERROR;
				GCC_WARN_UNDECLARED_SELECTOR = YES;
				GCC_WARN_UNINITIALIZED_AUTOS = YES_AGGRESSIVE;
				GCC_WARN_UNUSED_FUNCTION = YES;
				GCC_WARN_UNUSED_VARIABLE = YES;
				MACOSX_DEPLOYMENT_TARGET = 10.15;
				MTL_ENABLE_DEBUG_INFO = INCLUDE_SOURCE;
				MTL_FAST_MATH = YES;
				ONLY_ACTIVE_ARCH = YES;
				SDKROOT = macosx;
			};
			name = Debug;
		};
		C45F2EF425134C32008D262E /* Release */ = {
			isa = XCBuildConfiguration;
			buildSettings = {
				ALWAYS_SEARCH_USER_PATHS = NO;
				CLANG_ANALYZER_NONNULL = YES;
				CLANG_ANALYZER_NUMBER_OBJECT_CONVERSION = YES_AGGRESSIVE;
				CLANG_CXX_LANGUAGE_STANDARD = "gnu++14";
				CLANG_CXX_LIBRARY = "libc++";
				CLANG_ENABLE_MODULES = YES;
				CLANG_ENABLE_OBJC_ARC = YES;
				CLANG_ENABLE_OBJC_WEAK = YES;
				CLANG_WARN_BLOCK_CAPTURE_AUTORELEASING = YES;
				CLANG_WARN_BOOL_CONVERSION = YES;
				CLANG_WARN_COMMA = YES;
				CLANG_WARN_CONSTANT_CONVERSION = YES;
				CLANG_WARN_DEPRECATED_OBJC_IMPLEMENTATIONS = YES;
				CLANG_WARN_DIRECT_OBJC_ISA_USAGE = YES_ERROR;
				CLANG_WARN_DOCUMENTATION_COMMENTS = YES;
				CLANG_WARN_EMPTY_BODY = YES;
				CLANG_WARN_ENUM_CONVERSION = YES;
				CLANG_WARN_INFINITE_RECURSION = YES;
				CLANG_WARN_INT_CONVERSION = YES;
				CLANG_WARN_NON_LITERAL_NULL_CONVERSION = YES;
				CLANG_WARN_OBJC_IMPLICIT_RETAIN_SELF = YES;
				CLANG_WARN_OBJC_LITERAL_CONVERSION = YES;
				CLANG_WARN_OBJC_ROOT_CLASS = YES_ERROR;
				CLANG_WARN_RANGE_LOOP_ANALYSIS = YES;
				CLANG_WARN_STRICT_PROTOTYPES = YES;
				CLANG_WARN_SUSPICIOUS_MOVE = YES;
				CLANG_WARN_UNGUARDED_AVAILABILITY = YES_AGGRESSIVE;
				CLANG_WARN_UNREACHABLE_CODE = YES;
				CLANG_WARN__DUPLICATE_METHOD_MATCH = YES;
				COPY_PHASE_STRIP = NO;
				DEBUG_INFORMATION_FORMAT = "dwarf-with-dsym";
				ENABLE_NS_ASSERTIONS = NO;
				ENABLE_STRICT_OBJC_MSGSEND = YES;
				GCC_C_LANGUAGE_STANDARD = gnu11;
				GCC_NO_COMMON_BLOCKS = YES;
				GCC_WARN_64_TO_32_BIT_CONVERSION = YES;
				GCC_WARN_ABOUT_RETURN_TYPE = YES_ERROR;
				GCC_WARN_UNDECLARED_SELECTOR = YES;
				GCC_WARN_UNINITIALIZED_AUTOS = YES_AGGRESSIVE;
				GCC_WARN_UNUSED_FUNCTION = YES;
				GCC_WARN_UNUSED_VARIABLE = YES;
				MACOSX_DEPLOYMENT_TARGET = 10.15;
				MTL_ENABLE_DEBUG_INFO = NO;
				MTL_FAST_MATH = YES;
				SDKROOT = macosx;
			};
			name = Release;
		};
		C45F2EF625134C32008D262E /* Debug */ = {
			isa = XCBuildConfiguration;
			buildSettings = {
				CODE_SIGN_ENTITLEMENTS = OpenCVTest/OpenCVTest.entitlements;
				CODE_SIGN_STYLE = Manual;
				DEVELOPMENT_TEAM = "";
				ENABLE_HARDENED_RUNTIME = YES;
				HEADER_SEARCH_PATHS = /usr/local/include;
				LIBRARY_SEARCH_PATHS = (
					"<Multiple",
					"values>",
					/usr/local/lib,
				);
				PRODUCT_NAME = "$(TARGET_NAME)";
				PROVISIONING_PROFILE_SPECIFIER = "";
			};
			name = Debug;
		};
		C45F2EF725134C32008D262E /* Release */ = {
			isa = XCBuildConfiguration;
			buildSettings = {
				CODE_SIGN_ENTITLEMENTS = OpenCVTest/OpenCVTest.entitlements;
				CODE_SIGN_STYLE = Manual;
				DEVELOPMENT_TEAM = "";
				ENABLE_HARDENED_RUNTIME = YES;
				HEADER_SEARCH_PATHS = /usr/local/include;
				"HEADER_SEARCH_PATHS[arch=*]" = /Users/supro/Desktop/Archive;
				LIBRARY_SEARCH_PATHS = (
					"<Multiple",
					"values>",
					/usr/local/lib,
				);
				"LIBRARY_SEARCH_PATHS[arch=*]" = /Users/supro/Documents/openCVTest/OpenCVTest;
				PRODUCT_NAME = "$(TARGET_NAME)";
				PROVISIONING_PROFILE_SPECIFIER = "";
			};
			name = Release;
		};
/* End XCBuildConfiguration section */

/* Begin XCConfigurationList section */
		C45F2EE925134C32008D262E /* Build configuration list for PBXProject "OpenCVTest" */ = {
			isa = XCConfigurationList;
			buildConfigurations = (
				C45F2EF325134C32008D262E /* Debug */,
				C45F2EF425134C32008D262E /* Release */,
			);
			defaultConfigurationIsVisible = 0;
			defaultConfigurationName = Release;
		};
		C45F2EF525134C32008D262E /* Build configuration list for PBXNativeTarget "OpenCVTest" */ = {
			isa = XCConfigurationList;
			buildConfigurations = (
				C45F2EF625134C32008D262E /* Debug */,
				C45F2EF725134C32008D262E /* Release */,
			);
			defaultConfigurationIsVisible = 0;
			defaultConfigurationName = Release;
		};
/* End XCConfigurationList section */
	};
	rootObject = C45F2EE625134C32008D262E /* Project object */;
}
